Acquiring state lock. This may take a few moments...
data.terraform_remote_state.network_security: Reading...
data.terraform_remote_state.network_security: Read complete after 0s

Terraform used the selected providers to generate the following execution plan. Resource actions are indicated with the
following symbols:
  + create

Terraform will perform the following actions:

  # module.aks_cluster_sa.azurerm_storage_account.storage_account will be created
  + resource "azurerm_storage_account" "storage_account" {
      + access_tier                       = (known after apply)
      + account_kind                      = "StorageV2"
      + account_replication_type          = "LRS"
      + account_tier                      = "Standard"
      + allow_blob_public_access          = true
      + enable_https_traffic_only         = true
      + id                                = (known after apply)
      + infrastructure_encryption_enabled = false
      + is_hns_enabled                    = false
      + large_file_share_enabled          = (known after apply)
      + location                          = "eastus2"
      + min_tls_version                   = "TLS1_2"
      + name                              = "devecco"
      + nfsv3_enabled                     = false
      + primary_access_key                = (sensitive value)
      + primary_blob_connection_string    = (sensitive value)
      + primary_blob_endpoint             = (known after apply)
      + primary_blob_host                 = (known after apply)
      + primary_connection_string         = (sensitive value)
      + primary_dfs_endpoint              = (known after apply)
      + primary_dfs_host                  = (known after apply)
      + primary_file_endpoint             = (known after apply)
      + primary_file_host                 = (known after apply)
      + primary_location                  = (known after apply)
      + primary_queue_endpoint            = (known after apply)
      + primary_queue_host                = (known after apply)
      + primary_table_endpoint            = (known after apply)
      + primary_table_host                = (known after apply)
      + primary_web_endpoint              = (known after apply)
      + primary_web_host                  = (known after apply)
      + queue_encryption_key_type         = "Service"
      + resource_group_name               = "dev_ecco_rg"
      + secondary_access_key              = (sensitive value)
      + secondary_blob_connection_string  = (sensitive value)
      + secondary_blob_endpoint           = (known after apply)
      + secondary_blob_host               = (known after apply)
      + secondary_connection_string       = (sensitive value)
      + secondary_dfs_endpoint            = (known after apply)
      + secondary_dfs_host                = (known after apply)
      + secondary_file_endpoint           = (known after apply)
      + secondary_file_host               = (known after apply)
      + secondary_location                = (known after apply)
      + secondary_queue_endpoint          = (known after apply)
      + secondary_queue_host              = (known after apply)
      + secondary_table_endpoint          = (known after apply)
      + secondary_table_host              = (known after apply)
      + secondary_web_endpoint            = (known after apply)
      + secondary_web_host                = (known after apply)
      + shared_access_key_enabled         = true
      + table_encryption_key_type         = "Service"
      + tags                              = {
          + "environment" = "dev"
          + "purpose"     = "storage account for ecco kubernetes cluster"
          + "team"        = "App DevOps"
        }

      + blob_properties {
          + change_feed_enabled      = false
          + default_service_version  = (known after apply)
          + last_access_time_enabled = false
          + versioning_enabled       = false

          + delete_retention_policy {
              + days = 7
            }
        }

      + customer_managed_key {
          + key_vault_key_id          = (known after apply)
          + user_assigned_identity_id = (known after apply)
        }

      + network_rules {
          + bypass                     = (known after apply)
          + default_action             = (known after apply)
          + ip_rules                   = (known after apply)
          + virtual_network_subnet_ids = (known after apply)

          + private_link_access {
              + endpoint_resource_id = (known after apply)
              + endpoint_tenant_id   = (known after apply)
            }
        }

      + queue_properties {
          + cors_rule {
              + allowed_headers    = (known after apply)
              + allowed_methods    = (known after apply)
              + allowed_origins    = (known after apply)
              + exposed_headers    = (known after apply)
              + max_age_in_seconds = (known after apply)
            }

          + hour_metrics {
              + enabled               = (known after apply)
              + include_apis          = (known after apply)
              + retention_policy_days = (known after apply)
              + version               = (known after apply)
            }

          + logging {
              + delete                = (known after apply)
              + read                  = (known after apply)
              + retention_policy_days = (known after apply)
              + version               = (known after apply)
              + write                 = (known after apply)
            }

          + minute_metrics {
              + enabled               = (known after apply)
              + include_apis          = (known after apply)
              + retention_policy_days = (known after apply)
              + version               = (known after apply)
            }
        }

      + routing {
          + choice                      = (known after apply)
          + publish_internet_endpoints  = (known after apply)
          + publish_microsoft_endpoints = (known after apply)
        }

      + share_properties {
          + cors_rule {
              + allowed_headers    = (known after apply)
              + allowed_methods    = (known after apply)
              + allowed_origins    = (known after apply)
              + exposed_headers    = (known after apply)
              + max_age_in_seconds = (known after apply)
            }

          + retention_policy {
              + days = (known after apply)
            }

          + smb {
              + authentication_types            = (known after apply)
              + channel_encryption_type         = (known after apply)
              + kerberos_ticket_encryption_type = (known after apply)
              + versions                        = (known after apply)
            }
        }
    }

  # module.ecco_aks_cluster.azurerm_kubernetes_cluster.aks will be created
  + resource "azurerm_kubernetes_cluster" "aks" {
      + azure_policy_enabled                = (known after apply)
      + dns_prefix                          = "dev-ecco"
      + fqdn                                = (known after apply)
      + http_application_routing_enabled    = (known after apply)
      + http_application_routing_zone_name  = (known after apply)
      + id                                  = (known after apply)
      + kube_admin_config                   = (known after apply)
      + kube_admin_config_raw               = (sensitive value)
      + kube_config                         = (known after apply)
      + kube_config_raw                     = (sensitive value)
      + kubernetes_version                  = "1.24.0"
      + location                            = "eastus2"
      + name                                = "dev_ecco_aks"
      + node_resource_group                 = (known after apply)
      + open_service_mesh_enabled           = (known after apply)
      + portal_fqdn                         = (known after apply)
      + private_cluster_enabled             = false
      + private_cluster_public_fqdn_enabled = false
      + private_dns_zone_id                 = (known after apply)
      + private_fqdn                        = (known after apply)
      + private_link_enabled                = (known after apply)
      + public_network_access_enabled       = true
      + resource_group_name                 = "dev_ecco_rg"
      + role_based_access_control_enabled   = (known after apply)
      + sku_tier                            = "Free"
      + tags                                = {
          + "environment" = "dev"
          + "purpose"     = "ecco kubernetes cluster"
          + "team"        = "App DevOps"
        }

      + aci_connector_linux {
          + subnet_name = (known after apply)
        }

      + addon_profile {
          + aci_connector_linux {
              + enabled     = (known after apply)
              + subnet_name = (known after apply)
            }

          + azure_keyvault_secrets_provider {
              + enabled                  = (known after apply)
              + secret_identity          = (known after apply)
              + secret_rotation_enabled  = (known after apply)
              + secret_rotation_interval = (known after apply)
            }

          + azure_policy {
              + enabled = (known after apply)
            }

          + http_application_routing {
              + enabled                            = (known after apply)
              + http_application_routing_zone_name = (known after apply)
            }

          + ingress_application_gateway {
              + effective_gateway_id                 = (known after apply)
              + enabled                              = (known after apply)
              + gateway_id                           = (known after apply)
              + gateway_name                         = (known after apply)
              + ingress_application_gateway_identity = (known after apply)
              + subnet_cidr                          = (known after apply)
              + subnet_id                            = (known after apply)
            }

          + kube_dashboard {
              + enabled = (known after apply)
            }

          + oms_agent {
              + enabled                    = (known after apply)
              + log_analytics_workspace_id = (known after apply)
              + oms_agent_identity         = (known after apply)
            }

          + open_service_mesh {
              + enabled = (known after apply)
            }
        }

      + auto_scaler_profile {
          + balance_similar_node_groups      = (known after apply)
          + empty_bulk_delete_max            = (known after apply)
          + expander                         = (known after apply)
          + max_graceful_termination_sec     = (known after apply)
          + max_node_provisioning_time       = (known after apply)
          + max_unready_nodes                = (known after apply)
          + max_unready_percentage           = (known after apply)
          + new_pod_scale_up_delay           = (known after apply)
          + scale_down_delay_after_add       = (known after apply)
          + scale_down_delay_after_delete    = (known after apply)
          + scale_down_delay_after_failure   = (known after apply)
          + scale_down_unneeded              = (known after apply)
          + scale_down_unready               = (known after apply)
          + scale_down_utilization_threshold = (known after apply)
          + scan_interval                    = (known after apply)
          + skip_nodes_with_local_storage    = (known after apply)
          + skip_nodes_with_system_pods      = (known after apply)
        }

      + azure_active_directory_role_based_access_control {
          + admin_group_object_ids = (known after apply)
          + azure_rbac_enabled     = (known after apply)
          + client_app_id          = (known after apply)
          + managed                = (known after apply)
          + server_app_id          = (known after apply)
          + server_app_secret      = (sensitive value)
          + tenant_id              = (known after apply)
        }

      + default_node_pool {
          + enable_auto_scaling  = true
          + kubelet_disk_type    = (known after apply)
          + max_count            = 2
          + max_pods             = 110
          + min_count            = 1
          + name                 = "devecco"
          + node_count           = 1
          + node_labels          = (known after apply)
          + orchestrator_version = (known after apply)
          + os_disk_size_gb      = 100
          + os_disk_type         = "Ephemeral"
          + os_sku               = (known after apply)
          + type                 = "VirtualMachineScaleSets"
          + ultra_ssd_enabled    = false
          + vm_size              = "Standard_D4s_v3"
          + vnet_subnet_id       = "/subscriptions/5bf99147-b840-4830-8588-309cdc9b318b/resourceGroups/dev_ecco_rg/providers/Microsoft.Network/virtualNetworks/dev_ecco_vnet/subnets/dev_ecco_subnet"
        }

      + identity {
          + principal_id = (known after apply)
          + tenant_id    = (known after apply)
          + type         = "SystemAssigned"
        }

      + ingress_application_gateway {
          + effective_gateway_id                 = (known after apply)
          + gateway_id                           = (known after apply)
          + gateway_name                         = (known after apply)
          + ingress_application_gateway_identity = (known after apply)
          + subnet_cidr                          = (known after apply)
          + subnet_id                            = (known after apply)
        }

      + key_vault_secrets_provider {
          + secret_identity          = (known after apply)
          + secret_rotation_enabled  = (known after apply)
          + secret_rotation_interval = (known after apply)
        }

      + kubelet_identity {
          + client_id                 = (known after apply)
          + object_id                 = (known after apply)
          + user_assigned_identity_id = (known after apply)
        }

      + network_profile {
          + dns_service_ip     = (known after apply)
          + docker_bridge_cidr = (known after apply)
          + load_balancer_sku  = "standard"
          + network_mode       = (known after apply)
          + network_plugin     = "azure"
          + network_policy     = "calico"
          + outbound_type      = "loadBalancer"
          + pod_cidr           = (known after apply)
          + service_cidr       = (known after apply)

          + load_balancer_profile {
              + effective_outbound_ips    = (known after apply)
              + idle_timeout_in_minutes   = (known after apply)
              + managed_outbound_ip_count = (known after apply)
              + outbound_ip_address_ids   = (known after apply)
              + outbound_ip_prefix_ids    = (known after apply)
              + outbound_ports_allocated  = (known after apply)
            }

          + nat_gateway_profile {
              + effective_outbound_ips    = (known after apply)
              + idle_timeout_in_minutes   = (known after apply)
              + managed_outbound_ip_count = (known after apply)
            }
        }

      + oms_agent {
          + log_analytics_workspace_id = (known after apply)
          + oms_agent_identity         = (known after apply)
        }

      + role_based_access_control {
          + enabled = true

          + azure_active_directory {
              + azure_rbac_enabled = true
              + managed            = true
              + tenant_id          = "ba6d3d08-69ee-456e-a6e3-901832eef3d6"
            }
        }

      + windows_profile {
          + admin_password = (sensitive value)
          + admin_username = (known after apply)
          + license        = (known after apply)
        }
    }

Plan: 2 to add, 0 to change, 0 to destroy.

Do you want to perform these actions?
  Terraform will perform the actions described above.
  Only 'yes' will be accepted to approve.

  Enter a value: yes

module.aks_cluster_sa.azurerm_storage_account.storage_account: Creating...
module.ecco_aks_cluster.azurerm_kubernetes_cluster.aks: Creating...
module.aks_cluster_sa.azurerm_storage_account.storage_account: Still creating... [10s elapsed]
module.ecco_aks_cluster.azurerm_kubernetes_cluster.aks: Still creating... [10s elapsed]
module.aks_cluster_sa.azurerm_storage_account.storage_account: Still creating... [20s elapsed]
module.ecco_aks_cluster.azurerm_kubernetes_cluster.aks: Still creating... [20s elapsed]
module.aks_cluster_sa.azurerm_storage_account.storage_account: Still creating... [30s elapsed]
module.ecco_aks_cluster.azurerm_kubernetes_cluster.aks: Still creating... [30s elapsed]
module.aks_cluster_sa.azurerm_storage_account.storage_account: Creation complete after 31s [id=/subscriptions/5bf99147-b840-4830-8588-309cdc9b318b/resourceGroups/dev_ecco_rg/providers/Microsoft.Storage/storageAccounts/devecco]
module.ecco_aks_cluster.azurerm_kubernetes_cluster.aks: Still creating... [40s elapsed]
module.ecco_aks_cluster.azurerm_kubernetes_cluster.aks: Still creating... [50s elapsed]
module.ecco_aks_cluster.azurerm_kubernetes_cluster.aks: Still creating... [1m0s elapsed]
module.ecco_aks_cluster.azurerm_kubernetes_cluster.aks: Still creating... [1m10s elapsed]
module.ecco_aks_cluster.azurerm_kubernetes_cluster.aks: Still creating... [1m20s elapsed]
module.ecco_aks_cluster.azurerm_kubernetes_cluster.aks: Still creating... [1m30s elapsed]
module.ecco_aks_cluster.azurerm_kubernetes_cluster.aks: Still creating... [1m40s elapsed]
module.ecco_aks_cluster.azurerm_kubernetes_cluster.aks: Still creating... [1m50s elapsed]
module.ecco_aks_cluster.azurerm_kubernetes_cluster.aks: Still creating... [2m0s elapsed]
module.ecco_aks_cluster.azurerm_kubernetes_cluster.aks: Still creating... [2m10s elapsed]
module.ecco_aks_cluster.azurerm_kubernetes_cluster.aks: Still creating... [2m20s elapsed]
module.ecco_aks_cluster.azurerm_kubernetes_cluster.aks: Still creating... [2m30s elapsed]
module.ecco_aks_cluster.azurerm_kubernetes_cluster.aks: Still creating... [2m40s elapsed]
module.ecco_aks_cluster.azurerm_kubernetes_cluster.aks: Still creating... [2m50s elapsed]
module.ecco_aks_cluster.azurerm_kubernetes_cluster.aks: Still creating... [3m0s elapsed]
module.ecco_aks_cluster.azurerm_kubernetes_cluster.aks: Still creating... [3m10s elapsed]
module.ecco_aks_cluster.azurerm_kubernetes_cluster.aks: Still creating... [3m20s elapsed]
module.ecco_aks_cluster.azurerm_kubernetes_cluster.aks: Still creating... [3m30s elapsed]
module.ecco_aks_cluster.azurerm_kubernetes_cluster.aks: Still creating... [3m40s elapsed]
module.ecco_aks_cluster.azurerm_kubernetes_cluster.aks: Still creating... [3m50s elapsed]
module.ecco_aks_cluster.azurerm_kubernetes_cluster.aks: Creation complete after 3m50s [id=/subscriptions/5bf99147-b840-4830-8588-309cdc9b318b/resourceGroups/dev_ecco_rg/providers/Microsoft.ContainerService/managedClusters/dev_ecco_aks]

Releasing state lock. This may take a few moments...

Apply complete! Resources: 2 added, 0 changed, 0 destroyed.
mohamedbasher:compute_storage mohamed.basher$ 